dependencies:
- name: redis
  repository: https://charts.bitnami.com/bitnami
  version: 18.1.2
- name: common
  repository: https://charts.bitnami.com/bitnami
  version: 2.13.2
- name: postgresql
  repository: https://charts.bitnami.com/bitnami
  version: 13.1.2
- name: docker-registry
  repository: https://helm.twun.io
  version: 2.2.2
- name: minio
  repository: https://charts.bitnami.com/bitnami
  version: 12.8.12
- name: localstack
  repository: https://helm.localstack.cloud
  version: 0.6.5
digest: sha256:191299e835d909667c2914ca24845932e6b8def96223a512360171e1c3fbae62
generated: "2023-10-30T15:39:06.403078+01:00"
