dependencies:
- name: rabbitmq
  repository: https://charts.bitnami.com/bitnami
  version: 8.24.13
- name: postgresql
  repository: https://charts.bitnami.com/bitnami
  version: 10.14.4
- name: docker-registry
  repository: https://helm.twun.io
  version: 1.13.0
- name: minio
  repository: https://charts.bitnami.com/bitnami
  version: 9.2.11
digest: sha256:29ed7a3ea545c1daf02f90dd6f0802c1305000d51c4dbaa8cf4e412ba3d0dfeb
generated: "2022-06-02T16:11:31.731583+02:00"
