dependencies:
- name: rabbitmq
  repository: https://kubernetes-charts.storage.googleapis.com/
  version: 6.17.5
- name: postgresql
  repository: https://kubernetes-charts.storage.googleapis.com/
  version: 7.0.2
- name: docker-registry
  repository: https://kubernetes-charts.storage.googleapis.com/
  version: 1.9.2
digest: sha256:37bcdeea25f9e78e1b07be2389ab5fc39741a608bffc10971d5cd89b9d817f4e
generated: "2020-05-19T15:59:36.764218+02:00"
