dependencies:
- name: rabbitmq
  repository: https://kubernetes-charts.storage.googleapis.com/
  version: 6.2.6
- name: postgresql
  repository: https://kubernetes-charts.storage.googleapis.com/
  version: 6.2.1
digest: sha256:f2534148823dfb50af552d37e81afac8e298073730c21bd14d3f471356b2aa09
generated: "2019-09-05T11:09:00.717234726+02:00"
